// !$*UTF8*$!
{
	archiveVersion = 1;
	classes = {
	};
	objectVersion = 56;
	objects = {

/* Begin PBXBuildFile section */
		8ED8AD162BBCEC45006453EE /* tourme123App.swift in Sources */ = {isa = PBXBuildFile; fileRef = 8ED8AD152BBCEC45006453EE /* tourme123App.swift */; };
		8ED8AD182BBCEC45006453EE /* ContentView.swift in Sources */ = {isa = PBXBuildFile; fileRef = 8ED8AD172BBCEC45006453EE /* ContentView.swift */; };
		8ED8AD1A2BBCEC49006453EE /* Assets.xcassets in Resources */ = {isa = PBXBuildFile; fileRef = 8ED8AD192BBCEC49006453EE /* Assets.xcassets */; };
		8ED8AD1D2BBCEC49006453EE /* Preview Assets.xcassets in Resources */ = {isa = PBXBuildFile; fileRef = 8ED8AD1C2BBCEC49006453EE /* Preview Assets.xcassets */; };
		8ED8AD272BBCEC4A006453EE /* tourme123Tests.swift in Sources */ = {isa = PBXBuildFile; fileRef = 8ED8AD262BBCEC4A006453EE /* tourme123Tests.swift */; };
		8ED8AD312BBCEC4A006453EE /* tourme123UITests.swift in Sources */ = {isa = PBXBuildFile; fileRef = 8ED8AD302BBCEC4A006453EE /* tourme123UITests.swift */; };
		8ED8AD332BBCEC4A006453EE /* tourme123UITestsLaunchTests.swift in Sources */ = {isa = PBXBuildFile; fileRef = 8ED8AD322BBCEC4A006453EE /* tourme123UITestsLaunchTests.swift */; };
/* End PBXBuildFile section */

/* Begin PBXContainerItemProxy section */
		8ED8AD232BBCEC4A006453EE /* PBXContainerItemProxy */ = {
			isa = PBXContainerItemProxy;
			containerPortal = 8ED8AD0A2BBCEC45006453EE /* Project object */;
			proxyType = 1;
			remoteGlobalIDString = 8ED8AD112BBCEC45006453EE;
			remoteInfo = tourme123;
		};
		8ED8AD2D2BBCEC4A006453EE /* PBXContainerItemProxy */ = {
			isa = PBXContainerItemProxy;
			containerPortal = 8ED8AD0A2BBCEC45006453EE /* Project object */;
			proxyType = 1;
			remoteGlobalIDString = 8ED8AD112BBCEC45006453EE;
			remoteInfo = tourme123;
		};
/* End PBXContainerItemProxy section */

/* Begin PBXFileReference section */
		8ED8AD122BBCEC45006453EE /* tourme123.app */ = {isa = PBXFileReference; explicitFileType = wrapper.application; includeInIndex = 0; path = tourme123.app; sourceTree = BUILT_PRODUCTS_DIR; };
		8ED8AD152BBCEC45006453EE /* tourme123App.swift */ = {isa = PBXFileReference; lastKnownFileType = sourcecode.swift; path = tourme123App.swift; sourceTree = "<group>"; };
		8ED8AD172BBCEC45006453EE /* ContentView.swift */ = {isa = PBXFileReference; lastKnownFileType = sourcecode.swift; path = ContentView.swift; sourceTree = "<group>"; };
		8ED8AD192BBCEC49006453EE /* Assets.xcassets */ = {isa = PBXFileReference; lastKnownFileType = folder.assetcatalog; path = Assets.xcassets; sourceTree = "<group>"; };
		8ED8AD1C2BBCEC49006453EE /* Preview Assets.xcassets */ = {isa = PBXFileReference; lastKnownFileType = folder.assetcatalog; path = "Preview Assets.xcassets"; sourceTree = "<group>"; };
		8ED8AD222BBCEC4A006453EE /* tourme123Tests.xctest */ = {isa = PBXFileReference; explicitFileType = wrapper.cfbundle; includeInIndex = 0; path = tourme123Tests.xctest; sourceTree = BUILT_PRODUCTS_DIR; };
		8ED8AD262BBCEC4A006453EE /* tourme123Tests.swift */ = {isa = PBXFileReference; lastKnownFileType = sourcecode.swift; path = tourme123Tests.swift; sourceTree = "<group>"; };
		8ED8AD2C2BBCEC4A006453EE /* tourme123UITests.xctest */ = {isa = PBXFileReference; explicitFileType = wrapper.cfbundle; includeInIndex = 0; path = tourme123UITests.xctest; sourceTree = BUILT_PRODUCTS_DIR; };
		8ED8AD302BBCEC4A006453EE /* tourme123UITests.swift */ = {isa = PBXFileReference; lastKnownFileType = sourcecode.swift; path = tourme123UITests.swift; sourceTree = "<group>"; };
		8ED8AD322BBCEC4A006453EE /* tourme123UITestsLaunchTests.swift */ = {isa = PBXFileReference; lastKnownFileType = sourcecode.swift; path = tourme123UITestsLaunchTests.swift; sourceTree = "<group>"; };
/* End PBXFileReference section */

/* Begin PBXFrameworksBuildPhase section */
		8ED8AD0F2BBCEC45006453EE /* Frameworks */ = {
			isa = PBXFrameworksBuildPhase;
			buildActionMask = 2147483647;
			files = (
			);
			runOnlyForDeploymentPostprocessing = 0;
		};
		8ED8AD1F2BBCEC4A006453EE /* Frameworks */ = {
			isa = PBXFrameworksBuildPhase;
			buildActionMask = 2147483647;
			files = (
			);
			runOnlyForDeploymentPostprocessing = 0;
		};
		8ED8AD292BBCEC4A006453EE /* Frameworks */ = {
			isa = PBXFrameworksBuildPhase;
			buildActionMask = 2147483647;
			files = (
			);
			runOnlyForDeploymentPostprocessing = 0;
		};
/* End PBXFrameworksBuildPhase section */

/* Begin PBXGroup section */
		8ED8AD092BBCEC45006453EE = {
			isa = PBXGroup;
			children = (
				8ED8AD142BBCEC45006453EE /* tourme123 */,
				8ED8AD252BBCEC4A006453EE /* tourme123Tests */,
				8ED8AD2F2BBCEC4A006453EE /* tourme123UITests */,
				8ED8AD132BBCEC45006453EE /* Products */,
			);
			sourceTree = "<group>";
		};
		8ED8AD132BBCEC45006453EE /* Products */ = {
			isa = PBXGroup;
			children = (
				8ED8AD122BBCEC45006453EE /* tourme123.app */,
				8ED8AD222BBCEC4A006453EE /* tourme123Tests.xctest */,
				8ED8AD2C2BBCEC4A006453EE /* tourme123UITests.xctest */,
			);
			name = Products;
			sourceTree = "<group>";
		};
		8ED8AD142BBCEC45006453EE /* tourme123 */ = {
			isa = PBXGroup;
			children = (
				8ED8AD152BBCEC45006453EE /* tourme123App.swift */,
				8ED8AD172BBCEC45006453EE /* ContentView.swift */,
				8ED8AD192BBCEC49006453EE /* Assets.xcassets */,
				8ED8AD1B2BBCEC49006453EE /* Preview Content */,
			);
			path = tourme123;
			sourceTree = "<group>";
		};
		8ED8AD1B2BBCEC49006453EE /* Preview Content */ = {
			isa = PBXGroup;
			children = (
				8ED8AD1C2BBCEC49006453EE /* Preview Assets.xcassets */,
			);
			path = "Preview Content";
			sourceTree = "<group>";
		};
		8ED8AD252BBCEC4A006453EE /* tourme123Tests */ = {
			isa = PBXGroup;
			children = (
				8ED8AD262BBCEC4A006453EE /* tourme123Tests.swift */,
			);
			path = tourme123Tests;
			sourceTree = "<group>";
		};
		8ED8AD2F2BBCEC4A006453EE /* tourme123UITests */ = {
			isa = PBXGroup;
			children = (
				8ED8AD302BBCEC4A006453EE /* tourme123UITests.swift */,
				8ED8AD322BBCEC4A006453EE /* tourme123UITestsLaunchTests.swift */,
			);
			path = tourme123UITests;
			sourceTree = "<group>";
		};
/* End PBXGroup section */

/* Begin PBXNativeTarget section */
		8ED8AD112BBCEC45006453EE /* tourme123 */ = {
			isa = PBXNativeTarget;
			buildConfigurationList = 8ED8AD362BBCEC4A006453EE /* Build configuration list for PBXNativeTarget "tourme123" */;
			buildPhases = (
				8ED8AD0E2BBCEC45006453EE /* Sources */,
				8ED8AD0F2BBCEC45006453EE /* Frameworks */,
				8ED8AD102BBCEC45006453EE /* Resources */,
			);
			buildRules = (
			);
			dependencies = (
			);
			name = tourme123;
			productName = tourme123;
			productReference = 8ED8AD122BBCEC45006453EE /* tourme123.app */;
			productType = "com.apple.product-type.application";
		};
		8ED8AD212BBCEC4A006453EE /* tourme123Tests */ = {
			isa = PBXNativeTarget;
			buildConfigurationList = 8ED8AD392BBCEC4A006453EE /* Build configuration list for PBXNativeTarget "tourme123Tests" */;
			buildPhases = (
				8ED8AD1E2BBCEC4A006453EE /* Sources */,
				8ED8AD1F2BBCEC4A006453EE /* Frameworks */,
				8ED8AD202BBCEC4A006453EE /* Resources */,
			);
			buildRules = (
			);
			dependencies = (
				8ED8AD242BBCEC4A006453EE /* PBXTargetDependency */,
			);
			name = tourme123Tests;
			productName = tourme123Tests;
			productReference = 8ED8AD222BBCEC4A006453EE /* tourme123Tests.xctest */;
			productType = "com.apple.product-type.bundle.unit-test";
		};
		8ED8AD2B2BBCEC4A006453EE /* tourme123UITests */ = {
			isa = PBXNativeTarget;
			buildConfigurationList = 8ED8AD3C2BBCEC4A006453EE /* Build configuration list for PBXNativeTarget "tourme123UITests" */;
			buildPhases = (
				8ED8AD282BBCEC4A006453EE /* Sources */,
				8ED8AD292BBCEC4A006453EE /* Frameworks */,
				8ED8AD2A2BBCEC4A006453EE /* Resources */,
			);
			buildRules = (
			);
			dependencies = (
				8ED8AD2E2BBCEC4A006453EE /* PBXTargetDependency */,
			);
			name = tourme123UITests;
			productName = tourme123UITests;
			productReference = 8ED8AD2C2BBCEC4A006453EE /* tourme123UITests.xctest */;
			productType = "com.apple.product-type.bundle.ui-testing";
		};
/* End PBXNativeTarget section */

/* Begin PBXProject section */
		8ED8AD0A2BBCEC45006453EE /* Project object */ = {
			isa = PBXProject;
			attributes = {
				BuildIndependentTargetsInParallel = 1;
				LastSwiftUpdateCheck = 1520;
				LastUpgradeCheck = 1520;
				TargetAttributes = {
					8ED8AD112BBCEC45006453EE = {
						CreatedOnToolsVersion = 15.2;
					};
					8ED8AD212BBCEC4A006453EE = {
						CreatedOnToolsVersion = 15.2;
						TestTargetID = 8ED8AD112BBCEC45006453EE;
					};
					8ED8AD2B2BBCEC4A006453EE = {
						CreatedOnToolsVersion = 15.2;
						TestTargetID = 8ED8AD112BBCEC45006453EE;
					};
				};
			};
			buildConfigurationList = 8ED8AD0D2BBCEC45006453EE /* Build configuration list for PBXProject "tourme123" */;
			compatibilityVersion = "Xcode 14.0";
			developmentRegion = en;
			hasScannedForEncodings = 0;
			knownRegions = (
				en,
				Base,
			);
			mainGroup = 8ED8AD092BBCEC45006453EE;
			productRefGroup = 8ED8AD132BBCEC45006453EE /* Products */;
			projectDirPath = "";
			projectRoot = "";
			targets = (
				8ED8AD112BBCEC45006453EE /* tourme123 */,
				8ED8AD212BBCEC4A006453EE /* tourme123Tests */,
				8ED8AD2B2BBCEC4A006453EE /* tourme123UITests */,
			);
		};
/* End PBXProject section */

/* Begin PBXResourcesBuildPhase section */
		8ED8AD102BBCEC45006453EE /* Resources */ = {
			isa = PBXResourcesBuildPhase;
			buildActionMask = 2147483647;
			files = (
				8ED8AD1D2BBCEC49006453EE /* Preview Assets.xcassets in Resources */,
				8ED8AD1A2BBCEC49006453EE /* Assets.xcassets in Resources */,
			);
			runOnlyForDeploymentPostprocessing = 0;
		};
		8ED8AD202BBCEC4A006453EE /* Resources */ = {
			isa = PBXResourcesBuildPhase;
			buildActionMask = 2147483647;
			files = (
			);
			runOnlyForDeploymentPostprocessing = 0;
		};
		8ED8AD2A2BBCEC4A006453EE /* Resources */ = {
			isa = PBXResourcesBuildPhase;
			buildActionMask = 2147483647;
			files = (
			);
			runOnlyForDeploymentPostprocessing = 0;
		};
/* End PBXResourcesBuildPhase section */

/* Begin PBXSourcesBuildPhase section */
		8ED8AD0E2BBCEC45006453EE /* Sources */ = {
			isa = PBXSourcesBuildPhase;
			buildActionMask = 2147483647;
			files = (
				8ED8AD182BBCEC45006453EE /* ContentView.swift in Sources */,
				8ED8AD162BBCEC45006453EE /* tourme123App.swift in Sources */,
			);
			runOnlyForDeploymentPostprocessing = 0;
		};
		8ED8AD1E2BBCEC4A006453EE /* Sources */ = {
			isa = PBXSourcesBuildPhase;
			buildActionMask = 2147483647;
			files = (
				8ED8AD272BBCEC4A006453EE /* tourme123Tests.swift in Sources */,
			);
			runOnlyForDeploymentPostprocessing = 0;
		};
		8ED8AD282BBCEC4A006453EE /* Sources */ = {
			isa = PBXSourcesBuildPhase;
			buildActionMask = 2147483647;
			files = (
				8ED8AD312BBCEC4A006453EE /* tourme123UITests.swift in Sources */,
				8ED8AD332BBCEC4A006453EE /* tourme123UITestsLaunchTests.swift in Sources */,
			);
			runOnlyForDeploymentPostprocessing = 0;
		};
/* End PBXSourcesBuildPhase section */

/* Begin PBXTargetDependency section */
		8ED8AD242BBCEC4A006453EE /* PBXTargetDependency */ = {
			isa = PBXTargetDependency;
			target = 8ED8AD112BBCEC45006453EE /* tourme123 */;
			targetProxy = 8ED8AD232BBCEC4A006453EE /* PBXContainerItemProxy */;
		};
		8ED8AD2E2BBCEC4A006453EE /* PBXTargetDependency */ = {
			isa = PBXTargetDependency;
			target = 8ED8AD112BBCEC45006453EE /* tourme123 */;
			targetProxy = 8ED8AD2D2BBCEC4A006453EE /* PBXContainerItemProxy */;
		};
/* End PBXTargetDependency section */

/* Begin XCBuildConfiguration section */
		8ED8AD342BBCEC4A006453EE /* Debug */ = {
			isa = XCBuildConfiguration;
			buildSettings = {
				ALWAYS_SEARCH_USER_PATHS = NO;
				ASSETCATALOG_COMPILER_GENERATE_SWIFT_ASSET_SYMBOL_EXTENSIONS = YES;
				CLANG_ANALYZER_NONNULL = YES;
				CLANG_ANALYZER_NUMBER_OBJECT_CONVERSION = YES_AGGRESSIVE;
				CLANG_CXX_LANGUAGE_STANDARD = "gnu++20";
				CLANG_ENABLE_MODULES = YES;
				CLANG_ENABLE_OBJC_ARC = YES;
				CLANG_ENABLE_OBJC_WEAK = YES;
				CLANG_WARN_BLOCK_CAPTURE_AUTORELEASING = YES;
				CLANG_WARN_BOOL_CONVERSION = YES;
				CLANG_WARN_COMMA = YES;
				CLANG_WARN_CONSTANT_CONVERSION = YES;
				CLANG_WARN_DEPRECATED_OBJC_IMPLEMENTATIONS = YES;
				CLANG_WARN_DIRECT_OBJC_ISA_USAGE = YES_ERROR;
				CLANG_WARN_DOCUMENTATION_COMMENTS = YES;
				CLANG_WARN_EMPTY_BODY = YES;
				CLANG_WARN_ENUM_CONVERSION = YES;
				CLANG_WARN_INFINITE_RECURSION = YES;
				CLANG_WARN_INT_CONVERSION = YES;
				CLANG_WARN_NON_LITERAL_NULL_CONVERSION = YES;
				CLANG_WARN_OBJC_IMPLICIT_RETAIN_SELF = YES;
				CLANG_WARN_OBJC_LITERAL_CONVERSION = YES;
				CLANG_WARN_OBJC_ROOT_CLASS = YES_ERROR;
				CLANG_WARN_QUOTED_INCLUDE_IN_FRAMEWORK_HEADER = YES;
				CLANG_WARN_RANGE_LOOP_ANALYSIS = YES;
				CLANG_WARN_STRICT_PROTOTYPES = YES;
				CLANG_WARN_SUSPICIOUS_MOVE = YES;
				CLANG_WARN_UNGUARDED_AVAILABILITY = YES_AGGRESSIVE;
				CLANG_WARN_UNREACHABLE_CODE = YES;
				CLANG_WARN__DUPLICATE_METHOD_MATCH = YES;
				COPY_PHASE_STRIP = NO;
				DEBUG_INFORMATION_FORMAT = dwarf;
				ENABLE_STRICT_OBJC_MSGSEND = YES;
				ENABLE_TESTABILITY = YES;
				ENABLE_USER_SCRIPT_SANDBOXING = YES;
				GCC_C_LANGUAGE_STANDARD = gnu17;
				GCC_DYNAMIC_NO_PIC = NO;
				GCC_NO_COMMON_BLOCKS = YES;
				GCC_OPTIMIZATION_LEVEL = 0;
				GCC_PREPROCESSOR_DEFINITIONS = (
					"DEBUG=1",
					"$(inherited)",
				);
				GCC_WARN_64_TO_32_BIT_CONVERSION = YES;
				GCC_WARN_ABOUT_RETURN_TYPE = YES_ERROR;
				GCC_WARN_UNDECLARED_SELECTOR = YES;
				GCC_WARN_UNINITIALIZED_AUTOS = YES_AGGRESSIVE;
				GCC_WARN_UNUSED_FUNCTION = YES;
				GCC_WARN_UNUSED_VARIABLE = YES;
				IPHONEOS_DEPLOYMENT_TARGET = 17.2;
				LOCALIZATION_PREFERS_STRING_CATALOGS = YES;
				MTL_ENABLE_DEBUG_INFO = INCLUDE_SOURCE;
				MTL_FAST_MATH = YES;
				ONLY_ACTIVE_ARCH = YES;
				SDKROOT = iphoneos;
				SWIFT_ACTIVE_COMPILATION_CONDITIONS = "DEBUG $(inherited)";
				SWIFT_OPTIMIZATION_LEVEL = "-Onone";
			};
			name = Debug;
		};
		8ED8AD352BBCEC4A006453EE /* Release */ = {
			isa = XCBuildConfiguration;
			buildSettings = {
				ALWAYS_SEARCH_USER_PATHS = NO;
				ASSETCATALOG_COMPILER_GENERATE_SWIFT_ASSET_SYMBOL_EXTENSIONS = YES;
				CLANG_ANALYZER_NONNULL = YES;
				CLANG_ANALYZER_NUMBER_OBJECT_CONVERSION = YES_AGGRESSIVE;
				CLANG_CXX_LANGUAGE_STANDARD = "gnu++20";
				CLANG_ENABLE_MODULES = YES;
				CLANG_ENABLE_OBJC_ARC = YES;
				CLANG_ENABLE_OBJC_WEAK = YES;
				CLANG_WARN_BLOCK_CAPTURE_AUTORELEASING = YES;
				CLANG_WARN_BOOL_CONVERSION = YES;
				CLANG_WARN_COMMA = YES;
				CLANG_WARN_CONSTANT_CONVERSION = YES;
				CLANG_WARN_DEPRECATED_OBJC_IMPLEMENTATIONS = YES;
				CLANG_WARN_DIRECT_OBJC_ISA_USAGE = YES_ERROR;
				CLANG_WARN_DOCUMENTATION_COMMENTS = YES;
				CLANG_WARN_EMPTY_BODY = YES;
				CLANG_WARN_ENUM_CONVERSION = YES;
				CLANG_WARN_INFINITE_RECURSION = YES;
				CLANG_WARN_INT_CONVERSION = YES;
				CLANG_WARN_NON_LITERAL_NULL_CONVERSION = YES;
				CLANG_WARN_OBJC_IMPLICIT_RETAIN_SELF = YES;
				CLANG_WARN_OBJC_LITERAL_CONVERSION = YES;
				CLANG_WARN_OBJC_ROOT_CLASS = YES_ERROR;
				CLANG_WARN_QUOTED_INCLUDE_IN_FRAMEWORK_HEADER = YES;
				CLANG_WARN_RANGE_LOOP_ANALYSIS = YES;
				CLANG_WARN_STRICT_PROTOTYPES = YES;
				CLANG_WARN_SUSPICIOUS_MOVE = YES;
				CLANG_WARN_UNGUARDED_AVAILABILITY = YES_AGGRESSIVE;
				CLANG_WARN_UNREACHABLE_CODE = YES;
				CLANG_WARN__DUPLICATE_METHOD_MATCH = YES;
				COPY_PHASE_STRIP = NO;
				DEBUG_INFORMATION_FORMAT = "dwarf-with-dsym";
				ENABLE_NS_ASSERTIONS = NO;
				ENABLE_STRICT_OBJC_MSGSEND = YES;
				ENABLE_USER_SCRIPT_SANDBOXING = YES;
				GCC_C_LANGUAGE_STANDARD = gnu17;
				GCC_NO_COMMON_BLOCKS = YES;
				GCC_WARN_64_TO_32_BIT_CONVERSION = YES;
				GCC_WARN_ABOUT_RETURN_TYPE = YES_ERROR;
				GCC_WARN_UNDECLARED_SELECTOR = YES;
				GCC_WARN_UNINITIALIZED_AUTOS = YES_AGGRESSIVE;
				GCC_WARN_UNUSED_FUNCTION = YES;
				GCC_WARN_UNUSED_VARIABLE = YES;
				IPHONEOS_DEPLOYMENT_TARGET = 17.2;
				LOCALIZATION_PREFERS_STRING_CATALOGS = YES;
				MTL_ENABLE_DEBUG_INFO = NO;
				MTL_FAST_MATH = YES;
				SDKROOT = iphoneos;
				SWIFT_COMPILATION_MODE = wholemodule;
				VALIDATE_PRODUCT = YES;
			};
			name = Release;
		};
		8ED8AD372BBCEC4A006453EE /* Debug */ = {
			isa = XCBuildConfiguration;
			buildSettings = {
				ASSETCATALOG_COMPILER_APPICON_NAME = AppIcon;
				ASSETCATALOG_COMPILER_GLOBAL_ACCENT_COLOR_NAME = AccentColor;
				CODE_SIGN_STYLE = Automatic;
				CURRENT_PROJECT_VERSION = 1;
				DEVELOPMENT_ASSET_PATHS = "\"tourme123/Preview Content\"";
				ENABLE_PREVIEWS = YES;
				GENERATE_INFOPLIST_FILE = YES;
				INFOPLIST_KEY_UIApplicationSceneManifest_Generation = YES;
				INFOPLIST_KEY_UIApplicationSupportsIndirectInputEvents = YES;
				INFOPLIST_KEY_UILaunchScreen_Generation = YES;
				INFOPLIST_KEY_UISupportedInterfaceOrientations_iPad = "UIInterfaceOrientationPortrait UIInterfaceOrientationPortraitUpsideDown UIInterfaceOrientationLandscapeLeft UIInterfaceOrientationLandscapeRight";
				INFOPLIST_KEY_UISupportedInterfaceOrientations_iPhone = "UIInterfaceOrientationPortrait UIInterfaceOrientationLandscapeLeft UIInterfaceOrientationLandscapeRight";
				LD_RUNPATH_SEARCH_PATHS = (
					"$(inherited)",
					"@executable_path/Frameworks",
				);
				MARKETING_VERSION = 1.0;
				PRODUCT_BUNDLE_IDENTIFIER = "famiri1-mail.sfsu.ed.tourme123";
				PRODUCT_NAME = "$(TARGET_NAME)";
				SWIFT_EMIT_LOC_STRINGS = YES;
				SWIFT_VERSION = 5.0;
				TARGETED_DEVICE_FAMILY = "1,2";
			};
			name = Debug;
		};
		8ED8AD382BBCEC4A006453EE /* Release */ = {
			isa = XCBuildConfiguration;
			buildSettings = {
				ASSETCATALOG_COMPILER_APPICON_NAME = AppIcon;
				ASSETCATALOG_COMPILER_GLOBAL_ACCENT_COLOR_NAME = AccentColor;
				CODE_SIGN_STYLE = Automatic;
				CURRENT_PROJECT_VERSION = 1;
				DEVELOPMENT_ASSET_PATHS = "\"tourme123/Preview Content\"";
				ENABLE_PREVIEWS = YES;
				GENERATE_INFOPLIST_FILE = YES;
				INFOPLIST_KEY_UIApplicationSceneManifest_Generation = YES;
				INFOPLIST_KEY_UIApplicationSupportsIndirectInputEvents = YES;
				INFOPLIST_KEY_UILaunchScreen_Generation = YES;
				INFOPLIST_KEY_UISupportedInterfaceOrientations_iPad = "UIInterfaceOrientationPortrait UIInterfaceOrientationPortraitUpsideDown UIInterfaceOrientationLandscapeLeft UIInterfaceOrientationLandscapeRight";
				INFOPLIST_KEY_UISupportedInterfaceOrientations_iPhone = "UIInterfaceOrientationPortrait UIInterfaceOrientationLandscapeLeft UIInterfaceOrientationLandscapeRight";
				LD_RUNPATH_SEARCH_PATHS = (
					"$(inherited)",
					"@executable_path/Frameworks",
				);
				MARKETING_VERSION = 1.0;
				PRODUCT_BUNDLE_IDENTIFIER = "famiri1-mail.sfsu.ed.tourme123";
				PRODUCT_NAME = "$(TARGET_NAME)";
				SWIFT_EMIT_LOC_STRINGS = YES;
				SWIFT_VERSION = 5.0;
				TARGETED_DEVICE_FAMILY = "1,2";
			};
			name = Release;
		};
		8ED8AD3A2BBCEC4A006453EE /* Debug */ = {
			isa = XCBuildConfiguration;
			buildSettings = {
				ALWAYS_EMBED_SWIFT_STANDARD_LIBRARIES = YES;
				BUNDLE_LOADER = "$(TEST_HOST)";
				CODE_SIGN_STYLE = Automatic;
				CURRENT_PROJECT_VERSION = 1;
				GENERATE_INFOPLIST_FILE = YES;
				IPHONEOS_DEPLOYMENT_TARGET = 17.2;
				MARKETING_VERSION = 1.0;
				PRODUCT_BUNDLE_IDENTIFIER = "famiri1-mail.sfsu.ed.tourme123Tests";
				PRODUCT_NAME = "$(TARGET_NAME)";
				SWIFT_EMIT_LOC_STRINGS = NO;
				SWIFT_VERSION = 5.0;
				TARGETED_DEVICE_FAMILY = "1,2";
				TEST_HOST = "$(BUILT_PRODUCTS_DIR)/tourme123.app/$(BUNDLE_EXECUTABLE_FOLDER_PATH)/tourme123";
			};
			name = Debug;
		};
		8ED8AD3B2BBCEC4A006453EE /* Release */ = {
			isa = XCBuildConfiguration;
			buildSettings = {
				ALWAYS_EMBED_SWIFT_STANDARD_LIBRARIES = YES;
				BUNDLE_LOADER = "$(TEST_HOST)";
				CODE_SIGN_STYLE = Automatic;
				CURRENT_PROJECT_VERSION = 1;
				GENERATE_INFOPLIST_FILE = YES;
				IPHONEOS_DEPLOYMENT_TARGET = 17.2;
				MARKETING_VERSION = 1.0;
				PRODUCT_BUNDLE_IDENTIFIER = "famiri1-mail.sfsu.ed.tourme123Tests";
				PRODUCT_NAME = "$(TARGET_NAME)";
				SWIFT_EMIT_LOC_STRINGS = NO;
				SWIFT_VERSION = 5.0;
				TARGETED_DEVICE_FAMILY = "1,2";
				TEST_HOST = "$(BUILT_PRODUCTS_DIR)/tourme123.app/$(BUNDLE_EXECUTABLE_FOLDER_PATH)/tourme123";
			};
			name = Release;
		};
		8ED8AD3D2BBCEC4A006453EE /* Debug */ = {
			isa = XCBuildConfiguration;
			buildSettings = {
				ALWAYS_EMBED_SWIFT_STANDARD_LIBRARIES = YES;
				CODE_SIGN_STYLE = Automatic;
				CURRENT_PROJECT_VERSION = 1;
				GENERATE_INFOPLIST_FILE = YES;
				MARKETING_VERSION = 1.0;
				PRODUCT_BUNDLE_IDENTIFIER = "famiri1-mail.sfsu.ed.tourme123UITests";
				PRODUCT_NAME = "$(TARGET_NAME)";
				SWIFT_EMIT_LOC_STRINGS = NO;
				SWIFT_VERSION = 5.0;
				TARGETED_DEVICE_FAMILY = "1,2";
				TEST_TARGET_NAME = tourme123;
			};
			name = Debug;
		};
		8ED8AD3E2BBCEC4A006453EE /* Release */ = {
			isa = XCBuildConfiguration;
			buildSettings = {
				ALWAYS_EMBED_SWIFT_STANDARD_LIBRARIES = YES;
				CODE_SIGN_STYLE = Automatic;
				CURRENT_PROJECT_VERSION = 1;
				GENERATE_INFOPLIST_FILE = YES;
				MARKETING_VERSION = 1.0;
				PRODUCT_BUNDLE_IDENTIFIER = "famiri1-mail.sfsu.ed.tourme123UITests";
				PRODUCT_NAME = "$(TARGET_NAME)";
				SWIFT_EMIT_LOC_STRINGS = NO;
				SWIFT_VERSION = 5.0;
				TARGETED_DEVICE_FAMILY = "1,2";
				TEST_TARGET_NAME = tourme123;
			};
			name = Release;
		};
/* End XCBuildConfiguration section */

/* Begin XCConfigurationList section */
		8ED8AD0D2BBCEC45006453EE /* Build configuration list for PBXProject "tourme123" */ = {
			isa = XCConfigurationList;
			buildConfigurations = (
				8ED8AD342BBCEC4A006453EE /* Debug */,
				8ED8AD352BBCEC4A006453EE /* Release */,
			);
			defaultConfigurationIsVisible = 0;
			defaultConfigurationName = Release;
		};
		8ED8AD362BBCEC4A006453EE /* Build configuration list for PBXNativeTarget "tourme123" */ = {
			isa = XCConfigurationList;
			buildConfigurations = (
				8ED8AD372BBCEC4A006453EE /* Debug */,
				8ED8AD382BBCEC4A006453EE /* Release */,
			);
			defaultConfigurationIsVisible = 0;
			defaultConfigurationName = Release;
		};
		8ED8AD392BBCEC4A006453EE /* Build configuration list for PBXNativeTarget "tourme123Tests" */ = {
			isa = XCConfigurationList;
			buildConfigurations = (
				8ED8AD3A2BBCEC4A006453EE /* Debug */,
				8ED8AD3B2BBCEC4A006453EE /* Release */,
			);
			defaultConfigurationIsVisible = 0;
			defaultConfigurationName = Release;
		};
		8ED8AD3C2BBCEC4A006453EE /* Build configuration list for PBXNativeTarget "tourme123UITests" */ = {
			isa = XCConfigurationList;
			buildConfigurations = (
				8ED8AD3D2BBCEC4A006453EE /* Debug */,
				8ED8AD3E2BBCEC4A006453EE /* Release */,
			);
			defaultConfigurationIsVisible = 0;
			defaultConfigurationName = Release;
		};
/* End XCConfigurationList section */
	};
	rootObject = 8ED8AD0A2BBCEC45006453EE /* Project object */;
}
